
Microsoft Visual Studio Solution File, Format Version 12.00
# Visual Studio Version 16
VisualStudioVersion = 16.0.29411.108
MinimumVisualStudioVersion = 10.0.40219.1
Project("{9A19103F-16F7-4668-BE54-9A1E7A4F7556}") = "gen-dsed", "gen-dsed.csproj", "{CF5F9285-6860-414D-908C-E7135B2307F5}"
EndProject
Global
	GlobalSection(SolutionConfigurationPlatforms) = preSolution
		Debug|Any CPU = Debug|Any CPU
		Release|Any CPU = Release|Any CPU
	EndGlobalSection
	GlobalSection(ProjectConfigurationPlatforms) = postSolution
		{CF5F9285-6860-414D-908C-E7135B2307F5}.Debug|Any CPU.ActiveCfg = Debug|Any CPU
		{CF5F9285-6860-414D-908C-E7135B2307F5}.Debug|Any CPU.Build.0 = Debug|Any CPU
		{CF5F9285-6860-414D-908C-E7135B2307F5}.Release|Any CPU.ActiveCfg = Release|Any CPU
		{CF5F9285-6860-414D-908C-E7135B2307F5}.Release|Any CPU.Build.0 = Release|Any CPU
	EndGlobalSection
	GlobalSection(SolutionProperties) = preSolution
		HideSolutionNode = FALSE
	EndGlobalSection
	GlobalSection(ExtensibilityGlobals) = postSolution
		SolutionGuid = {3BD3EBAF-CB39-4FA6-A4E9-1D34258844B1}
	EndGlobalSection
EndGlobal
